
Microsoft Visual Studio Solution File, Format Version 12.00
# Visual Studio 15
VisualStudioVersion = 15.0.27130.2010
MinimumVisualStudioVersion = 10.0.40219.1
Project("{FAE04EC0-301F-11D3-BF4B-00C04F79EFBC}") = "stringcalculator", "stringcalculator\stringcalculator.csproj", "{C322AAC6-46F8-4B52-A12B-43FB5F5A277B}"
EndProject
Project("{FAE04EC0-301F-11D3-BF4B-00C04F79EFBC}") = "stringcalculator.test", "stringcalculator.test\stringcalculator.test.csproj", "{76D029A1-0852-4042-BD97-37AE831845DB}"
EndProject
Global
	GlobalSection(SolutionConfigurationPlatforms) = preSolution
		Debug|Any CPU = Debug|Any CPU
		Release|Any CPU = Release|Any CPU
	EndGlobalSection
	GlobalSection(ProjectConfigurationPlatforms) = postSolution
		{C322AAC6-46F8-4B52-A12B-43FB5F5A277B}.Debug|Any CPU.ActiveCfg = Debug|Any CPU
		{C322AAC6-46F8-4B52-A12B-43FB5F5A277B}.Debug|Any CPU.Build.0 = Debug|Any CPU
		{C322AAC6-46F8-4B52-A12B-43FB5F5A277B}.Release|Any CPU.ActiveCfg = Release|Any CPU
		{C322AAC6-46F8-4B52-A12B-43FB5F5A277B}.Release|Any CPU.Build.0 = Release|Any CPU
		{76D029A1-0852-4042-BD97-37AE831845DB}.Debug|Any CPU.ActiveCfg = Debug|Any CPU
		{76D029A1-0852-4042-BD97-37AE831845DB}.Debug|Any CPU.Build.0 = Debug|Any CPU
		{76D029A1-0852-4042-BD97-37AE831845DB}.Release|Any CPU.ActiveCfg = Release|Any CPU
		{76D029A1-0852-4042-BD97-37AE831845DB}.Release|Any CPU.Build.0 = Release|Any CPU
	EndGlobalSection
	GlobalSection(SolutionProperties) = preSolution
		HideSolutionNode = FALSE
	EndGlobalSection
	GlobalSection(ExtensibilityGlobals) = postSolution
		SolutionGuid = {67B3E847-5F8E-4925-92BB-DE8EE759BCEB}
	EndGlobalSection
EndGlobal
